NeoBundleLock CamelCaseMotion 26f896d7e2838ff8f11c97217778fd0a14610a81
NeoBundleLock Vim-Jinja2-Syntax 1d525a8cb4bcdc4311f42e8523467547e67aa983
NeoBundleLock ag.vim 4a0dd6e190f446e5a016b44fdaa2feafc582918e
NeoBundleLock ctrlp.vim 7fa89fec125ce60a341f7c37dd769a8a31c49359
NeoBundleLock delimitMate b5719054beebe0135c94f4711a06dc7588041f09
NeoBundleLock emmet-vim 5442207ccb4468ee511a3ae5aa4d81839b247d24
NeoBundleLock gruvbox 127c9d14d4bac1bac31e328b835a8919a255789c
NeoBundleLock jellybeans.vim fdc7b7ecd714c9afb0a5872ae87db0b23d50ea30
NeoBundleLock mustache.vim 0c3900b42a81ec79885cf984ad33b2280697c7c9
NeoBundleLock neobundle.vim c6fa48cd665071b7a4dbf5ab53f48cd5884716ee
NeoBundleLock neocomplcache.vim 778181767467b8f8016828898779a646074d883a
NeoBundleLock nerdcommenter 59552f2e885a70371d7059b6ef22d57eb365d4a0
NeoBundleLock nerdtree 281701021c5001332a862da80175bf585d24e2e8
NeoBundleLock syntastic 6fb14d624b6081459360fdbba743f82cf84c8f92
NeoBundleLock tabular 00e1e7fcdbc6d753e0bc8043e0d2546fa81bf367
NeoBundleLock unite.vim 97e634117ff05d3c867d625940da5c7947cebf63
NeoBundleLock vim-airline b66c1ef07005fad6a70957b90d4f47bb932e33e2
NeoBundleLock vim-coffee-script 72f48c3f9bb6ba4f9ba1e6e4933c2c25686a1b62
NeoBundleLock vim-css3-syntax 52ac61ae9b27242315897c648475b6e6250d43b6
NeoBundleLock vim-easymotion af9786ee5780bf0cbafbd7b341c2b5234d18c1c0
NeoBundleLock vim-endwise 0067ceda37725d01b7bd5bf249d63b1b5d4e2ab4
NeoBundleLock vim-fugitive f44845e4408aae03e018e98afb7fbf0c2ee87dd5
NeoBundleLock vim-gitgutter 80375e6b8b3be6b8c6e5be3d1fa9fe8885e51521
NeoBundleLock vim-haml 1f2e47c78c2faf90ff419c2f4e1241094844678c
NeoBundleLock vim-indent-guides 018298ead9d3aa9cd3b4ae222f81022a33978b09
NeoBundleLock vim-jade 20e41fc7ca0f1f1023c64548918e2b8155bb44ea
NeoBundleLock vim-javascript 97a8ab46e384306084ceb10425f71f694691bbd7
NeoBundleLock vim-markdown 3c2215bfed1de1251927fbc94b2631ca27c2958f
NeoBundleLock vim-multiple-cursors 51d0717f63cc231f11b4b63ee5b611f589dce1b3
NeoBundleLock vim-repeat 7a6675f092842c8f81e71d5345bd7cdbf3759415
NeoBundleLock vim-ruby f792ee3b2d005660da2e7303e43721ef222d7047
NeoBundleLock vim-slim df26386b46b455f0c837c3ba30d1771204f209ca
NeoBundleLock vim-surround e49d6c2459e0f5569ff2d533b4df995dd7f98313
NeoBundleLock vim-vinegar bd7f7b7929260072864462c04dde3b9f4c5e0d23
NeoBundleLock wildfire.vim e2baded7162260e05d2527f5bca9fca81f0bc8f2
