NeoBundleLock vim-markdown 409c37b205afa2f9d590e23de8171482d66770e2
NeoBundleLock ctrlp.vim b5d3fe66a58a13d2ff8b6391f4387608496a030f
NeoBundleLock vim-surround fa433e0b7330753688f715f3be5d10dc480f20e5
NeoBundleLock vim-ruby 5e429a504f016c86a8989be2554239d175e366e9
NeoBundleLock CamelCaseMotion b480bf78ab015118d59409f3931a637548d0c244
NeoBundleLock nerdcommenter 6549cfde45339bd4f711504196ff3e8b766ef5e6
NeoBundleLock vim-gitgutter 7f70d520ec41305f2fe75f41f63fc611ba7547d8
NeoBundleLock tabular 60f25648814f0695eeb6c1040d97adca93c4e0bb
NeoBundleLock vim-indent-guides eec1b629dc4cfa3986d20f21d4b4489732cd3f5a
NeoBundleLock mustache.vim 0c3900b42a81ec79885cf984ad33b2280697c7c9
NeoBundleLock jellybeans.vim 0761708c890becd3e027551068e0ae272da003e0
NeoBundleLock vim-coffee-script 827e4a38b07479433b619091469a7495a392df8a
NeoBundleLock emmet-vim 8b703a0a00a23a96477155099946714f6fdc2e63
NeoBundleLock vim-fugitive d3b98d988602b94dc705ca99b171bb9f5b6c8a2c
NeoBundleLock vim-easymotion 2dc0025881c41a8fa37dd17524d6ec5c43b0232a
NeoBundleLock nerdtree f9a933991d8e6033e501603ba2ff6f3319b4f308
NeoBundleLock vim-jade f0ca7b562052a661b35dee50bcf31eeaf8558201
NeoBundleLock vim-repeat 2a3c5f8e3c26a57b8eb4cfc4be79615a1c508ef6
NeoBundleLock vim-haml 204e32721154766e03e99ff857bc798aa5b741dc
NeoBundleLock vim-airline 411ae84890793e59575036c6c0e6ee1ed9efa939
NeoBundleLock neobundle.vim 4a3bb7fb323b62f571c22ff15139fe996dc60ac8
NeoBundleLock neocomplcache.vim 237442924ac366015e6e0a8a13a31ac37be0c696
NeoBundleLock delimitMate 38487bbec8ba50834e257940b357de03991fa8f9
